// !$*UTF8*$!
{
	archiveVersion = 1;
	classes = {
	};
	objectVersion = 56;
	objects = {

/* Begin PBXBuildFile section */
		03850C692C77EA2800B29936 /* hackatruck.jpeg in Resources */ = {isa = PBXBuildFile; fileRef = 03850C682C77EA2800B29936 /* hackatruck.jpeg */; };
		03850C6B2C77EC6800B29936 /* Tela04.swift in Sources */ = {isa = PBXBuildFile; fileRef = 03850C6A2C77EC6700B29936 /* Tela04.swift */; };
		03850C6D2C77ED1200B29936 /* Captura de Tela 2023-01-18 às 22.59.48.png in Resources */ = {isa = PBXBuildFile; fileRef = 03850C6C2C77ED1200B29936 /* Captura de Tela 2023-01-18 às 22.59.48.png */; };
		03850C6F2C77ED2000B29936 /* logo.png in Resources */ = {isa = PBXBuildFile; fileRef = 03850C6E2C77ED2000B29936 /* logo.png */; };
		03850C712C77ED3100B29936 /* truck.png in Resources */ = {isa = PBXBuildFile; fileRef = 03850C702C77ED3100B29936 /* truck.png */; };
		03E038EC2C76A5DB0048FAF4 /* Aula01App.swift in Sources */ = {isa = PBXBuildFile; fileRef = 03E038EB2C76A5DB0048FAF4 /* Aula01App.swift */; };
		03E038EE2C76A5DB0048FAF4 /* ContentView.swift in Sources */ = {isa = PBXBuildFile; fileRef = 03E038ED2C76A5DB0048FAF4 /* ContentView.swift */; };
		03E038F02C76A5DE0048FAF4 /* Assets.xcassets in Resources */ = {isa = PBXBuildFile; fileRef = 03E038EF2C76A5DE0048FAF4 /* Assets.xcassets */; };
		03E038F32C76A5DE0048FAF4 /* Preview Assets.xcassets in Resources */ = {isa = PBXBuildFile; fileRef = 03E038F22C76A5DE0048FAF4 /* Preview Assets.xcassets */; };
		03E038FD2C76A5DE0048FAF4 /* Aula01Tests.swift in Sources */ = {isa = PBXBuildFile; fileRef = 03E038FC2C76A5DE0048FAF4 /* Aula01Tests.swift */; };
		03E039072C76A5DE0048FAF4 /* Aula01UITests.swift in Sources */ = {isa = PBXBuildFile; fileRef = 03E039062C76A5DE0048FAF4 /* Aula01UITests.swift */; };
		03E039092C76A5DE0048FAF4 /* Aula01UITestsLaunchTests.swift in Sources */ = {isa = PBXBuildFile; fileRef = 03E039082C76A5DE0048FAF4 /* Aula01UITestsLaunchTests.swift */; };
		03E039162C76A96B0048FAF4 /* Tela02.swift in Sources */ = {isa = PBXBuildFile; fileRef = 03E039152C76A96B0048FAF4 /* Tela02.swift */; };
		03E0391A2C76B13B0048FAF4 /* Tela03.swift in Sources */ = {isa = PBXBuildFile; fileRef = 03E039192C76B13A0048FAF4 /* Tela03.swift */; };
		03E0391C2C76BF000048FAF4 /* Yumekonormal.jpeg in Resources */ = {isa = PBXBuildFile; fileRef = 03E0391B2C76BF000048FAF4 /* Yumekonormal.jpeg */; };
/* End PBXBuildFile section */

/* Begin PBXContainerItemProxy section */
		03E038F92C76A5DE0048FAF4 /* PBXContainerItemProxy */ = {
			isa = PBXContainerItemProxy;
			containerPortal = 03E038E02C76A5DB0048FAF4 /* Project object */;
			proxyType = 1;
			remoteGlobalIDString = 03E038E72C76A5DB0048FAF4;
			remoteInfo = Aula01;
		};
		03E039032C76A5DE0048FAF4 /* PBXContainerItemProxy */ = {
			isa = PBXContainerItemProxy;
			containerPortal = 03E038E02C76A5DB0048FAF4 /* Project object */;
			proxyType = 1;
			remoteGlobalIDString = 03E038E72C76A5DB0048FAF4;
			remoteInfo = Aula01;
		};
/* End PBXContainerItemProxy section */

/* Begin PBXFileReference section */
		03850C682C77EA2800B29936 /* hackatruck.jpeg */ = {isa = PBXFileReference; lastKnownFileType = image.jpeg; name = hackatruck.jpeg; path = ../../../Downloads/hackatruck.jpeg; sourceTree = "<group>"; };
		03850C6A2C77EC6700B29936 /* Tela04.swift */ = {isa = PBXFileReference; lastKnownFileType = sourcecode.swift; path = Tela04.swift; sourceTree = "<group>"; };
		03850C6C2C77ED1200B29936 /* Captura de Tela 2023-01-18 às 22.59.48.png */ = {isa = PBXFileReference; lastKnownFileType = image.png; name = "Captura de Tela 2023-01-18 às 22.59.48.png"; path = "../../../Downloads/Captura de Tela 2023-01-18 às 22.59.48.png"; sourceTree = "<group>"; };
		03850C6E2C77ED2000B29936 /* logo.png */ = {isa = PBXFileReference; lastKnownFileType = image.png; name = logo.png; path = ../../../Downloads/logo.png; sourceTree = "<group>"; };
		03850C702C77ED3100B29936 /* truck.png */ = {isa = PBXFileReference; lastKnownFileType = image.png; path = truck.png; sourceTree = "<group>"; };
		03E038E82C76A5DB0048FAF4 /* Aula01.app */ = {isa = PBXFileReference; explicitFileType = wrapper.application; includeInIndex = 0; path = Aula01.app; sourceTree = BUILT_PRODUCTS_DIR; };
		03E038EB2C76A5DB0048FAF4 /* Aula01App.swift */ = {isa = PBXFileReference; lastKnownFileType = sourcecode.swift; path = Aula01App.swift; sourceTree = "<group>"; };
		03E038ED2C76A5DB0048FAF4 /* ContentView.swift */ = {isa = PBXFileReference; lastKnownFileType = sourcecode.swift; path = ContentView.swift; sourceTree = "<group>"; };
		03E038EF2C76A5DE0048FAF4 /* Assets.xcassets */ = {isa = PBXFileReference; lastKnownFileType = folder.assetcatalog; path = Assets.xcassets; sourceTree = "<group>"; };
		03E038F22C76A5DE0048FAF4 /* Preview Assets.xcassets */ = {isa = PBXFileReference; lastKnownFileType = folder.assetcatalog; path = "Preview Assets.xcassets"; sourceTree = "<group>"; };
		03E038F82C76A5DE0048FAF4 /* Aula01Tests.xctest */ = {isa = PBXFileReference; explicitFileType = wrapper.cfbundle; includeInIndex = 0; path = Aula01Tests.xctest; sourceTree = BUILT_PRODUCTS_DIR; };
		03E038FC2C76A5DE0048FAF4 /* Aula01Tests.swift */ = {isa = PBXFileReference; lastKnownFileType = sourcecode.swift; path = Aula01Tests.swift; sourceTree = "<group>"; };
		03E039022C76A5DE0048FAF4 /* Aula01UITests.xctest */ = {isa = PBXFileReference; explicitFileType = wrapper.cfbundle; includeInIndex = 0; path = Aula01UITests.xctest; sourceTree = BUILT_PRODUCTS_DIR; };
		03E039062C76A5DE0048FAF4 /* Aula01UITests.swift */ = {isa = PBXFileReference; lastKnownFileType = sourcecode.swift; path = Aula01UITests.swift; sourceTree = "<group>"; };
		03E039082C76A5DE0048FAF4 /* Aula01UITestsLaunchTests.swift */ = {isa = PBXFileReference; lastKnownFileType = sourcecode.swift; path = Aula01UITestsLaunchTests.swift; sourceTree = "<group>"; };
		03E039152C76A96B0048FAF4 /* Tela02.swift */ = {isa = PBXFileReference; lastKnownFileType = sourcecode.swift; path = Tela02.swift; sourceTree = "<group>"; };
		03E039192C76B13A0048FAF4 /* Tela03.swift */ = {isa = PBXFileReference; lastKnownFileType = sourcecode.swift; path = Tela03.swift; sourceTree = "<group>"; };
		03E0391B2C76BF000048FAF4 /* Yumekonormal.jpeg */ = {isa = PBXFileReference; lastKnownFileType = image.jpeg; path = Yumekonormal.jpeg; sourceTree = "<group>"; };
/* End PBXFileReference section */

/* Begin PBXFrameworksBuildPhase section */
		03E038E52C76A5DB0048FAF4 /* Frameworks */ = {
			isa = PBXFrameworksBuildPhase;
			buildActionMask = 2147483647;
			files = (
			);
			runOnlyForDeploymentPostprocessing = 0;
		};
		03E038F52C76A5DE0048FAF4 /* Frameworks */ = {
			isa = PBXFrameworksBuildPhase;
			buildActionMask = 2147483647;
			files = (
			);
			runOnlyForDeploymentPostprocessing = 0;
		};
		03E038FF2C76A5DE0048FAF4 /* Frameworks */ = {
			isa = PBXFrameworksBuildPhase;
			buildActionMask = 2147483647;
			files = (
			);
			runOnlyForDeploymentPostprocessing = 0;
		};
/* End PBXFrameworksBuildPhase section */

/* Begin PBXGroup section */
		03E038DF2C76A5DB0048FAF4 = {
			isa = PBXGroup;
			children = (
				03E038EA2C76A5DB0048FAF4 /* Aula01 */,
				03E038FB2C76A5DE0048FAF4 /* Aula01Tests */,
				03E039052C76A5DE0048FAF4 /* Aula01UITests */,
				03E038E92C76A5DB0048FAF4 /* Products */,
			);
			sourceTree = "<group>";
		};
		03E038E92C76A5DB0048FAF4 /* Products */ = {
			isa = PBXGroup;
			children = (
				03E038E82C76A5DB0048FAF4 /* Aula01.app */,
				03E038F82C76A5DE0048FAF4 /* Aula01Tests.xctest */,
				03E039022C76A5DE0048FAF4 /* Aula01UITests.xctest */,
			);
			name = Products;
			sourceTree = "<group>";
		};
		03E038EA2C76A5DB0048FAF4 /* Aula01 */ = {
			isa = PBXGroup;
			children = (
				03850C702C77ED3100B29936 /* truck.png */,
				03850C6E2C77ED2000B29936 /* logo.png */,
				03850C6C2C77ED1200B29936 /* Captura de Tela 2023-01-18 às 22.59.48.png */,
				03850C682C77EA2800B29936 /* hackatruck.jpeg */,
				03E038EB2C76A5DB0048FAF4 /* Aula01App.swift */,
				03E038ED2C76A5DB0048FAF4 /* ContentView.swift */,
				03E038EF2C76A5DE0048FAF4 /* Assets.xcassets */,
				03E0391B2C76BF000048FAF4 /* Yumekonormal.jpeg */,
				03E038F12C76A5DE0048FAF4 /* Preview Content */,
				03E039152C76A96B0048FAF4 /* Tela02.swift */,
				03E039192C76B13A0048FAF4 /* Tela03.swift */,
				03850C6A2C77EC6700B29936 /* Tela04.swift */,
			);
			path = Aula01;
			sourceTree = "<group>";
		};
		03E038F12C76A5DE0048FAF4 /* Preview Content */ = {
			isa = PBXGroup;
			children = (
				03E038F22C76A5DE0048FAF4 /* Preview Assets.xcassets */,
			);
			path = "Preview Content";
			sourceTree = "<group>";
		};
		03E038FB2C76A5DE0048FAF4 /* Aula01Tests */ = {
			isa = PBXGroup;
			children = (
				03E038FC2C76A5DE0048FAF4 /* Aula01Tests.swift */,
			);
			path = Aula01Tests;
			sourceTree = "<group>";
		};
		03E039052C76A5DE0048FAF4 /* Aula01UITests */ = {
			isa = PBXGroup;
			children = (
				03E039062C76A5DE0048FAF4 /* Aula01UITests.swift */,
				03E039082C76A5DE0048FAF4 /* Aula01UITestsLaunchTests.swift */,
			);
			path = Aula01UITests;
			sourceTree = "<group>";
		};
/* End PBXGroup section */

/* Begin PBXNativeTarget section */
		03E038E72C76A5DB0048FAF4 /* Aula01 */ = {
			isa = PBXNativeTarget;
			buildConfigurationList = 03E0390C2C76A5DE0048FAF4 /* Build configuration list for PBXNativeTarget "Aula01" */;
			buildPhases = (
				03E038E42C76A5DB0048FAF4 /* Sources */,
				03E038E52C76A5DB0048FAF4 /* Frameworks */,
				03E038E62C76A5DB0048FAF4 /* Resources */,
			);
			buildRules = (
			);
			dependencies = (
			);
			name = Aula01;
			productName = Aula01;
			productReference = 03E038E82C76A5DB0048FAF4 /* Aula01.app */;
			productType = "com.apple.product-type.application";
		};
		03E038F72C76A5DE0048FAF4 /* Aula01Tests */ = {
			isa = PBXNativeTarget;
			buildConfigurationList = 03E0390F2C76A5DE0048FAF4 /* Build configuration list for PBXNativeTarget "Aula01Tests" */;
			buildPhases = (
				03E038F42C76A5DE0048FAF4 /* Sources */,
				03E038F52C76A5DE0048FAF4 /* Frameworks */,
				03E038F62C76A5DE0048FAF4 /* Resources */,
			);
			buildRules = (
			);
			dependencies = (
				03E038FA2C76A5DE0048FAF4 /* PBXTargetDependency */,
			);
			name = Aula01Tests;
			productName = Aula01Tests;
			productReference = 03E038F82C76A5DE0048FAF4 /* Aula01Tests.xctest */;
			productType = "com.apple.product-type.bundle.unit-test";
		};
		03E039012C76A5DE0048FAF4 /* Aula01UITests */ = {
			isa = PBXNativeTarget;
			buildConfigurationList = 03E039122C76A5DE0048FAF4 /* Build configuration list for PBXNativeTarget "Aula01UITests" */;
			buildPhases = (
				03E038FE2C76A5DE0048FAF4 /* Sources */,
				03E038FF2C76A5DE0048FAF4 /* Frameworks */,
				03E039002C76A5DE0048FAF4 /* Resources */,
			);
			buildRules = (
			);
			dependencies = (
				03E039042C76A5DE0048FAF4 /* PBXTargetDependency */,
			);
			name = Aula01UITests;
			productName = Aula01UITests;
			productReference = 03E039022C76A5DE0048FAF4 /* Aula01UITests.xctest */;
			productType = "com.apple.product-type.bundle.ui-testing";
		};
/* End PBXNativeTarget section */

/* Begin PBXProject section */
		03E038E02C76A5DB0048FAF4 /* Project object */ = {
			isa = PBXProject;
			attributes = {
				BuildIndependentTargetsInParallel = 1;
				LastSwiftUpdateCheck = 1540;
				LastUpgradeCheck = 1540;
				TargetAttributes = {
					03E038E72C76A5DB0048FAF4 = {
						CreatedOnToolsVersion = 15.4;
					};
					03E038F72C76A5DE0048FAF4 = {
						CreatedOnToolsVersion = 15.4;
						TestTargetID = 03E038E72C76A5DB0048FAF4;
					};
					03E039012C76A5DE0048FAF4 = {
						CreatedOnToolsVersion = 15.4;
						TestTargetID = 03E038E72C76A5DB0048FAF4;
					};
				};
			};
			buildConfigurationList = 03E038E32C76A5DB0048FAF4 /* Build configuration list for PBXProject "Aula01" */;
			compatibilityVersion = "Xcode 14.0";
			developmentRegion = en;
			hasScannedForEncodings = 0;
			knownRegions = (
				en,
				Base,
			);
			mainGroup = 03E038DF2C76A5DB0048FAF4;
			productRefGroup = 03E038E92C76A5DB0048FAF4 /* Products */;
			projectDirPath = "";
			projectRoot = "";
			targets = (
				03E038E72C76A5DB0048FAF4 /* Aula01 */,
				03E038F72C76A5DE0048FAF4 /* Aula01Tests */,
				03E039012C76A5DE0048FAF4 /* Aula01UITests */,
			);
		};
/* End PBXProject section */

/* Begin PBXResourcesBuildPhase section */
		03E038E62C76A5DB0048FAF4 /* Resources */ = {
			isa = PBXResourcesBuildPhase;
			buildActionMask = 2147483647;
			files = (
				03850C692C77EA2800B29936 /* hackatruck.jpeg in Resources */,
				03E0391C2C76BF000048FAF4 /* Yumekonormal.jpeg in Resources */,
				03850C712C77ED3100B29936 /* truck.png in Resources */,
				03850C6F2C77ED2000B29936 /* logo.png in Resources */,
				03E038F32C76A5DE0048FAF4 /* Preview Assets.xcassets in Resources */,
				03850C6D2C77ED1200B29936 /* Captura de Tela 2023-01-18 às 22.59.48.png in Resources */,
				03E038F02C76A5DE0048FAF4 /* Assets.xcassets in Resources */,
			);
			runOnlyForDeploymentPostprocessing = 0;
		};
		03E038F62C76A5DE0048FAF4 /* Resources */ = {
			isa = PBXResourcesBuildPhase;
			buildActionMask = 2147483647;
			files = (
			);
			runOnlyForDeploymentPostprocessing = 0;
		};
		03E039002C76A5DE0048FAF4 /* Resources */ = {
			isa = PBXResourcesBuildPhase;
			buildActionMask = 2147483647;
			files = (
			);
			runOnlyForDeploymentPostprocessing = 0;
		};
/* End PBXResourcesBuildPhase section */

/* Begin PBXSourcesBuildPhase section */
		03E038E42C76A5DB0048FAF4 /* Sources */ = {
			isa = PBXSourcesBuildPhase;
			buildActionMask = 2147483647;
			files = (
				03E0391A2C76B13B0048FAF4 /* Tela03.swift in Sources */,
				03E038EE2C76A5DB0048FAF4 /* ContentView.swift in Sources */,
				03E038EC2C76A5DB0048FAF4 /* Aula01App.swift in Sources */,
				03E039162C76A96B0048FAF4 /* Tela02.swift in Sources */,
				03850C6B2C77EC6800B29936 /* Tela04.swift in Sources */,
			);
			runOnlyForDeploymentPostprocessing = 0;
		};
		03E038F42C76A5DE0048FAF4 /* Sources */ = {
			isa = PBXSourcesBuildPhase;
			buildActionMask = 2147483647;
			files = (
				03E038FD2C76A5DE0048FAF4 /* Aula01Tests.swift in Sources */,
			);
			runOnlyForDeploymentPostprocessing = 0;
		};
		03E038FE2C76A5DE0048FAF4 /* Sources */ = {
			isa = PBXSourcesBuildPhase;
			buildActionMask = 2147483647;
			files = (
				03E039092C76A5DE0048FAF4 /* Aula01UITestsLaunchTests.swift in Sources */,
				03E039072C76A5DE0048FAF4 /* Aula01UITests.swift in Sources */,
			);
			runOnlyForDeploymentPostprocessing = 0;
		};
/* End PBXSourcesBuildPhase section */

/* Begin PBXTargetDependency section */
		03E038FA2C76A5DE0048FAF4 /* PBXTargetDependency */ = {
			isa = PBXTargetDependency;
			target = 03E038E72C76A5DB0048FAF4 /* Aula01 */;
			targetProxy = 03E038F92C76A5DE0048FAF4 /* PBXContainerItemProxy */;
		};
		03E039042C76A5DE0048FAF4 /* PBXTargetDependency */ = {
			isa = PBXTargetDependency;
			target = 03E038E72C76A5DB0048FAF4 /* Aula01 */;
			targetProxy = 03E039032C76A5DE0048FAF4 /* PBXContainerItemProxy */;
		};
/* End PBXTargetDependency section */

/* Begin XCBuildConfiguration section */
		03E0390A2C76A5DE0048FAF4 /* Debug */ = {
			isa = XCBuildConfiguration;
			buildSettings = {
				ALWAYS_SEARCH_USER_PATHS = NO;
				ASSETCATALOG_COMPILER_GENERATE_SWIFT_ASSET_SYMBOL_EXTENSIONS = YES;
				CLANG_ANALYZER_NONNULL = YES;
				CLANG_ANALYZER_NUMBER_OBJECT_CONVERSION = YES_AGGRESSIVE;
				CLANG_CXX_LANGUAGE_STANDARD = "gnu++20";
				CLANG_ENABLE_MODULES = YES;
				CLANG_ENABLE_OBJC_ARC = YES;
				CLANG_ENABLE_OBJC_WEAK = YES;
				CLANG_WARN_BLOCK_CAPTURE_AUTORELEASING = YES;
				CLANG_WARN_BOOL_CONVERSION = YES;
				CLANG_WARN_COMMA = YES;
				CLANG_WARN_CONSTANT_CONVERSION = YES;
				CLANG_WARN_DEPRECATED_OBJC_IMPLEMENTATIONS = YES;
				CLANG_WARN_DIRECT_OBJC_ISA_USAGE = YES_ERROR;
				CLANG_WARN_DOCUMENTATION_COMMENTS = YES;
				CLANG_WARN_EMPTY_BODY = YES;
				CLANG_WARN_ENUM_CONVERSION = YES;
				CLANG_WARN_INFINITE_RECURSION = YES;
				CLANG_WARN_INT_CONVERSION = YES;
				CLANG_WARN_NON_LITERAL_NULL_CONVERSION = YES;
				CLANG_WARN_OBJC_IMPLICIT_RETAIN_SELF = YES;
				CLANG_WARN_OBJC_LITERAL_CONVERSION = YES;
				CLANG_WARN_OBJC_ROOT_CLASS = YES_ERROR;
				CLANG_WARN_QUOTED_INCLUDE_IN_FRAMEWORK_HEADER = YES;
				CLANG_WARN_RANGE_LOOP_ANALYSIS = YES;
				CLANG_WARN_STRICT_PROTOTYPES = YES;
				CLANG_WARN_SUSPICIOUS_MOVE = YES;
				CLANG_WARN_UNGUARDED_AVAILABILITY = YES_AGGRESSIVE;
				CLANG_WARN_UNREACHABLE_CODE = YES;
				CLANG_WARN__DUPLICATE_METHOD_MATCH = YES;
				COPY_PHASE_STRIP = NO;
				DEBUG_INFORMATION_FORMAT = dwarf;
				ENABLE_STRICT_OBJC_MSGSEND = YES;
				ENABLE_TESTABILITY = YES;
				ENABLE_USER_SCRIPT_SANDBOXING = YES;
				GCC_C_LANGUAGE_STANDARD = gnu17;
				GCC_DYNAMIC_NO_PIC = NO;
				GCC_NO_COMMON_BLOCKS = YES;
				GCC_OPTIMIZATION_LEVEL = 0;
				GCC_PREPROCESSOR_DEFINITIONS = (
					"DEBUG=1",
					"$(inherited)",
				);
				GCC_WARN_64_TO_32_BIT_CONVERSION = YES;
				GCC_WARN_ABOUT_RETURN_TYPE = YES_ERROR;
				GCC_WARN_UNDECLARED_SELECTOR = YES;
				GCC_WARN_UNINITIALIZED_AUTOS = YES_AGGRESSIVE;
				GCC_WARN_UNUSED_FUNCTION = YES;
				GCC_WARN_UNUSED_VARIABLE = YES;
				IPHONEOS_DEPLOYMENT_TARGET = 17.5;
				LOCALIZATION_PREFERS_STRING_CATALOGS = YES;
				MTL_ENABLE_DEBUG_INFO = INCLUDE_SOURCE;
				MTL_FAST_MATH = YES;
				ONLY_ACTIVE_ARCH = YES;
				SDKROOT = iphoneos;
				SWIFT_ACTIVE_COMPILATION_CONDITIONS = "DEBUG $(inherited)";
				SWIFT_OPTIMIZATION_LEVEL = "-Onone";
			};
			name = Debug;
		};
		03E0390B2C76A5DE0048FAF4 /* Release */ = {
			isa = XCBuildConfiguration;
			buildSettings = {
				ALWAYS_SEARCH_USER_PATHS = NO;
				ASSETCATALOG_COMPILER_GENERATE_SWIFT_ASSET_SYMBOL_EXTENSIONS = YES;
				CLANG_ANALYZER_NONNULL = YES;
				CLANG_ANALYZER_NUMBER_OBJECT_CONVERSION = YES_AGGRESSIVE;
				CLANG_CXX_LANGUAGE_STANDARD = "gnu++20";
				CLANG_ENABLE_MODULES = YES;
				CLANG_ENABLE_OBJC_ARC = YES;
				CLANG_ENABLE_OBJC_WEAK = YES;
				CLANG_WARN_BLOCK_CAPTURE_AUTORELEASING = YES;
				CLANG_WARN_BOOL_CONVERSION = YES;
				CLANG_WARN_COMMA = YES;
				CLANG_WARN_CONSTANT_CONVERSION = YES;
				CLANG_WARN_DEPRECATED_OBJC_IMPLEMENTATIONS = YES;
				CLANG_WARN_DIRECT_OBJC_ISA_USAGE = YES_ERROR;
				CLANG_WARN_DOCUMENTATION_COMMENTS = YES;
				CLANG_WARN_EMPTY_BODY = YES;
				CLANG_WARN_ENUM_CONVERSION = YES;
				CLANG_WARN_INFINITE_RECURSION = YES;
				CLANG_WARN_INT_CONVERSION = YES;
				CLANG_WARN_NON_LITERAL_NULL_CONVERSION = YES;
				CLANG_WARN_OBJC_IMPLICIT_RETAIN_SELF = YES;
				CLANG_WARN_OBJC_LITERAL_CONVERSION = YES;
				CLANG_WARN_OBJC_ROOT_CLASS = YES_ERROR;
				CLANG_WARN_QUOTED_INCLUDE_IN_FRAMEWORK_HEADER = YES;
				CLANG_WARN_RANGE_LOOP_ANALYSIS = YES;
				CLANG_WARN_STRICT_PROTOTYPES = YES;
				CLANG_WARN_SUSPICIOUS_MOVE = YES;
				CLANG_WARN_UNGUARDED_AVAILABILITY = YES_AGGRESSIVE;
				CLANG_WARN_UNREACHABLE_CODE = YES;
				CLANG_WARN__DUPLICATE_METHOD_MATCH = YES;
				COPY_PHASE_STRIP = NO;
				DEBUG_INFORMATION_FORMAT = "dwarf-with-dsym";
				ENABLE_NS_ASSERTIONS = NO;
				ENABLE_STRICT_OBJC_MSGSEND = YES;
				ENABLE_USER_SCRIPT_SANDBOXING = YES;
				GCC_C_LANGUAGE_STANDARD = gnu17;
				GCC_NO_COMMON_BLOCKS = YES;
				GCC_WARN_64_TO_32_BIT_CONVERSION = YES;
				GCC_WARN_ABOUT_RETURN_TYPE = YES_ERROR;
				GCC_WARN_UNDECLARED_SELECTOR = YES;
				GCC_WARN_UNINITIALIZED_AUTOS = YES_AGGRESSIVE;
				GCC_WARN_UNUSED_FUNCTION = YES;
				GCC_WARN_UNUSED_VARIABLE = YES;
				IPHONEOS_DEPLOYMENT_TARGET = 17.5;
				LOCALIZATION_PREFERS_STRING_CATALOGS = YES;
				MTL_ENABLE_DEBUG_INFO = NO;
				MTL_FAST_MATH = YES;
				SDKROOT = iphoneos;
				SWIFT_COMPILATION_MODE = wholemodule;
				VALIDATE_PRODUCT = YES;
			};
			name = Release;
		};
		03E0390D2C76A5DE0048FAF4 /* Debug */ = {
			isa = XCBuildConfiguration;
			buildSettings = {
				ASSETCATALOG_COMPILER_APPICON_NAME = AppIcon;
				ASSETCATALOG_COMPILER_GLOBAL_ACCENT_COLOR_NAME = AccentColor;
				CODE_SIGN_STYLE = Automatic;
				CURRENT_PROJECT_VERSION = 1;
				DEVELOPMENT_ASSET_PATHS = "\"Aula01/Preview Content\"";
				ENABLE_PREVIEWS = YES;
				GENERATE_INFOPLIST_FILE = YES;
				INFOPLIST_KEY_UIApplicationSceneManifest_Generation = YES;
				INFOPLIST_KEY_UIApplicationSupportsIndirectInputEvents = YES;
				INFOPLIST_KEY_UILaunchScreen_Generation = YES;
				INFOPLIST_KEY_UISupportedInterfaceOrientations_iPad = "UIInterfaceOrientationPortrait UIInterfaceOrientationPortraitUpsideDown UIInterfaceOrientationLandscapeLeft UIInterfaceOrientationLandscapeRight";
				INFOPLIST_KEY_UISupportedInterfaceOrientations_iPhone = "UIInterfaceOrientationPortrait UIInterfaceOrientationLandscapeLeft UIInterfaceOrientationLandscapeRight";
				LD_RUNPATH_SEARCH_PATHS = (
					"$(inherited)",
					"@executable_path/Frameworks",
				);
				MARKETING_VERSION = 1.0;
				PRODUCT_BUNDLE_IDENTIFIER = Alan.Aula01;
				PRODUCT_NAME = "$(TARGET_NAME)";
				SWIFT_EMIT_LOC_STRINGS = YES;
				SWIFT_VERSION = 5.0;
				TARGETED_DEVICE_FAMILY = "1,2";
			};
			name = Debug;
		};
		03E0390E2C76A5DE0048FAF4 /* Release */ = {
			isa = XCBuildConfiguration;
			buildSettings = {
				ASSETCATALOG_COMPILER_APPICON_NAME = AppIcon;
				ASSETCATALOG_COMPILER_GLOBAL_ACCENT_COLOR_NAME = AccentColor;
				CODE_SIGN_STYLE = Automatic;
				CURRENT_PROJECT_VERSION = 1;
				DEVELOPMENT_ASSET_PATHS = "\"Aula01/Preview Content\"";
				ENABLE_PREVIEWS = YES;
				GENERATE_INFOPLIST_FILE = YES;
				INFOPLIST_KEY_UIApplicationSceneManifest_Generation = YES;
				INFOPLIST_KEY_UIApplicationSupportsIndirectInputEvents = YES;
				INFOPLIST_KEY_UILaunchScreen_Generation = YES;
				INFOPLIST_KEY_UISupportedInterfaceOrientations_iPad = "UIInterfaceOrientationPortrait UIInterfaceOrientationPortraitUpsideDown UIInterfaceOrientationLandscapeLeft UIInterfaceOrientationLandscapeRight";
				INFOPLIST_KEY_UISupportedInterfaceOrientations_iPhone = "UIInterfaceOrientationPortrait UIInterfaceOrientationLandscapeLeft UIInterfaceOrientationLandscapeRight";
				LD_RUNPATH_SEARCH_PATHS = (
					"$(inherited)",
					"@executable_path/Frameworks",
				);
				MARKETING_VERSION = 1.0;
				PRODUCT_BUNDLE_IDENTIFIER = Alan.Aula01;
				PRODUCT_NAME = "$(TARGET_NAME)";
				SWIFT_EMIT_LOC_STRINGS = YES;
				SWIFT_VERSION = 5.0;
				TARGETED_DEVICE_FAMILY = "1,2";
			};
			name = Release;
		};
		03E039102C76A5DE0048FAF4 /* Debug */ = {
			isa = XCBuildConfiguration;
			buildSettings = {
				ALWAYS_EMBED_SWIFT_STANDARD_LIBRARIES = YES;
				BUNDLE_LOADER = "$(TEST_HOST)";
				CODE_SIGN_STYLE = Automatic;
				CURRENT_PROJECT_VERSION = 1;
				GENERATE_INFOPLIST_FILE = YES;
				IPHONEOS_DEPLOYMENT_TARGET = 17.5;
				MARKETING_VERSION = 1.0;
				PRODUCT_BUNDLE_IDENTIFIER = Alan.Aula01Tests;
				PRODUCT_NAME = "$(TARGET_NAME)";
				SWIFT_EMIT_LOC_STRINGS = NO;
				SWIFT_VERSION = 5.0;
				TARGETED_DEVICE_FAMILY = "1,2";
				TEST_HOST = "$(BUILT_PRODUCTS_DIR)/Aula01.app/$(BUNDLE_EXECUTABLE_FOLDER_PATH)/Aula01";
			};
			name = Debug;
		};
		03E039112C76A5DE0048FAF4 /* Release */ = {
			isa = XCBuildConfiguration;
			buildSettings = {
				ALWAYS_EMBED_SWIFT_STANDARD_LIBRARIES = YES;
				BUNDLE_LOADER = "$(TEST_HOST)";
				CODE_SIGN_STYLE = Automatic;
				CURRENT_PROJECT_VERSION = 1;
				GENERATE_INFOPLIST_FILE = YES;
				IPHONEOS_DEPLOYMENT_TARGET = 17.5;
				MARKETING_VERSION = 1.0;
				PRODUCT_BUNDLE_IDENTIFIER = Alan.Aula01Tests;
				PRODUCT_NAME = "$(TARGET_NAME)";
				SWIFT_EMIT_LOC_STRINGS = NO;
				SWIFT_VERSION = 5.0;
				TARGETED_DEVICE_FAMILY = "1,2";
				TEST_HOST = "$(BUILT_PRODUCTS_DIR)/Aula01.app/$(BUNDLE_EXECUTABLE_FOLDER_PATH)/Aula01";
			};
			name = Release;
		};
		03E039132C76A5DE0048FAF4 /* Debug */ = {
			isa = XCBuildConfiguration;
			buildSettings = {
				ALWAYS_EMBED_SWIFT_STANDARD_LIBRARIES = YES;
				CODE_SIGN_STYLE = Automatic;
				CURRENT_PROJECT_VERSION = 1;
				GENERATE_INFOPLIST_FILE = YES;
				MARKETING_VERSION = 1.0;
				PRODUCT_BUNDLE_IDENTIFIER = Alan.Aula01UITests;
				PRODUCT_NAME = "$(TARGET_NAME)";
				SWIFT_EMIT_LOC_STRINGS = NO;
				SWIFT_VERSION = 5.0;
				TARGETED_DEVICE_FAMILY = "1,2";
				TEST_TARGET_NAME = Aula01;
			};
			name = Debug;
		};
		03E039142C76A5DE0048FAF4 /* Release */ = {
			isa = XCBuildConfiguration;
			buildSettings = {
				ALWAYS_EMBED_SWIFT_STANDARD_LIBRARIES = YES;
				CODE_SIGN_STYLE = Automatic;
				CURRENT_PROJECT_VERSION = 1;
				GENERATE_INFOPLIST_FILE = YES;
				MARKETING_VERSION = 1.0;
				PRODUCT_BUNDLE_IDENTIFIER = Alan.Aula01UITests;
				PRODUCT_NAME = "$(TARGET_NAME)";
				SWIFT_EMIT_LOC_STRINGS = NO;
				SWIFT_VERSION = 5.0;
				TARGETED_DEVICE_FAMILY = "1,2";
				TEST_TARGET_NAME = Aula01;
			};
			name = Release;
		};
/* End XCBuildConfiguration section */

/* Begin XCConfigurationList section */
		03E038E32C76A5DB0048FAF4 /* Build configuration list for PBXProject "Aula01" */ = {
			isa = XCConfigurationList;
			buildConfigurations = (
				03E0390A2C76A5DE0048FAF4 /* Debug */,
				03E0390B2C76A5DE0048FAF4 /* Release */,
			);
			defaultConfigurationIsVisible = 0;
			defaultConfigurationName = Release;
		};
		03E0390C2C76A5DE0048FAF4 /* Build configuration list for PBXNativeTarget "Aula01" */ = {
			isa = XCConfigurationList;
			buildConfigurations = (
				03E0390D2C76A5DE0048FAF4 /* Debug */,
				03E0390E2C76A5DE0048FAF4 /* Release */,
			);
			defaultConfigurationIsVisible = 0;
			defaultConfigurationName = Release;
		};
		03E0390F2C76A5DE0048FAF4 /* Build configuration list for PBXNativeTarget "Aula01Tests" */ = {
			isa = XCConfigurationList;
			buildConfigurations = (
				03E039102C76A5DE0048FAF4 /* Debug */,
				03E039112C76A5DE0048FAF4 /* Release */,
			);
			defaultConfigurationIsVisible = 0;
			defaultConfigurationName = Release;
		};
		03E039122C76A5DE0048FAF4 /* Build configuration list for PBXNativeTarget "Aula01UITests" */ = {
			isa = XCConfigurationList;
			buildConfigurations = (
				03E039132C76A5DE0048FAF4 /* Debug */,
				03E039142C76A5DE0048FAF4 /* Release */,
			);
			defaultConfigurationIsVisible = 0;
			defaultConfigurationName = Release;
		};
/* End XCConfigurationList section */
	};
	rootObject = 03E038E02C76A5DB0048FAF4 /* Project object */;
}
